
Microsoft Visual Studio Solution File, Format Version 12.00
# Visual Studio Version 17
VisualStudioVersion = 17.0.32112.339
MinimumVisualStudioVersion = 10.0.40219.1
Project("{8BC9CEB8-8B4A-11D0-8D11-00A0C91BC942}") = "CSGCuda", "CSGCuda\CSGCuda.vcxproj", "{09975D03-1E75-4ACB-BC6E-26F1955ABCFF}"
EndProject
Global
	GlobalSection(SolutionConfigurationPlatforms) = preSolution
		Debug|x64 = Debug|x64
		Release|x64 = Release|x64
	EndGlobalSection
	GlobalSection(ProjectConfigurationPlatforms) = postSolution
		{09975D03-1E75-4ACB-BC6E-26F1955ABCFF}.Debug|x64.ActiveCfg = Debug|x64
		{09975D03-1E75-4ACB-BC6E-26F1955ABCFF}.Debug|x64.Build.0 = Debug|x64
		{09975D03-1E75-4ACB-BC6E-26F1955ABCFF}.Release|x64.ActiveCfg = Release|x64
		{09975D03-1E75-4ACB-BC6E-26F1955ABCFF}.Release|x64.Build.0 = Release|x64
	EndGlobalSection
	GlobalSection(SolutionProperties) = preSolution
		HideSolutionNode = FALSE
	EndGlobalSection
	GlobalSection(ExtensibilityGlobals) = postSolution
		SolutionGuid = {21F7DA18-6122-4C47-9F73-8DE2C295E0F5}
	EndGlobalSection
EndGlobal
